
Microsoft Visual Studio Solution File, Format Version 12.00
# Visual Studio Version 17
VisualStudioVersion = 17.10.34916.146
MinimumVisualStudioVersion = 10.0.40219.1
Project("{FAE04EC0-301F-11D3-BF4B-00C04F79EFBC}") = "API", "API\API.csproj", "{432978E6-D674-4AD3-9FA7-9C0D39DA1363}"
EndProject
Project("{FAE04EC0-301F-11D3-BF4B-00C04F79EFBC}") = "DataLayout", "DataLayout\DataLayout.csproj", "{5BB2D885-FEEB-4277-B4CE-C50BBCB30E9F}"
EndProject
Project("{FAE04EC0-301F-11D3-BF4B-00C04F79EFBC}") = "BlogMVC", "BlogMVC\BlogMVC.csproj", "{97211104-2EEF-42CD-8B4B-1E812301F8D7}"
EndProject
Global
	GlobalSection(SolutionConfigurationPlatforms) = preSolution
		Debug|Any CPU = Debug|Any CPU
		Release|Any CPU = Release|Any CPU
	EndGlobalSection
	GlobalSection(ProjectConfigurationPlatforms) = postSolution
		{432978E6-D674-4AD3-9FA7-9C0D39DA1363}.Debug|Any CPU.ActiveCfg = Debug|Any CPU
		{432978E6-D674-4AD3-9FA7-9C0D39DA1363}.Debug|Any CPU.Build.0 = Debug|Any CPU
		{432978E6-D674-4AD3-9FA7-9C0D39DA1363}.Release|Any CPU.ActiveCfg = Release|Any CPU
		{432978E6-D674-4AD3-9FA7-9C0D39DA1363}.Release|Any CPU.Build.0 = Release|Any CPU
		{5BB2D885-FEEB-4277-B4CE-C50BBCB30E9F}.Debug|Any CPU.ActiveCfg = Debug|Any CPU
		{5BB2D885-FEEB-4277-B4CE-C50BBCB30E9F}.Debug|Any CPU.Build.0 = Debug|Any CPU
		{5BB2D885-FEEB-4277-B4CE-C50BBCB30E9F}.Release|Any CPU.ActiveCfg = Release|Any CPU
		{5BB2D885-FEEB-4277-B4CE-C50BBCB30E9F}.Release|Any CPU.Build.0 = Release|Any CPU
		{97211104-2EEF-42CD-8B4B-1E812301F8D7}.Debug|Any CPU.ActiveCfg = Debug|Any CPU
		{97211104-2EEF-42CD-8B4B-1E812301F8D7}.Debug|Any CPU.Build.0 = Debug|Any CPU
		{97211104-2EEF-42CD-8B4B-1E812301F8D7}.Release|Any CPU.ActiveCfg = Release|Any CPU
		{97211104-2EEF-42CD-8B4B-1E812301F8D7}.Release|Any CPU.Build.0 = Release|Any CPU
	EndGlobalSection
	GlobalSection(SolutionProperties) = preSolution
		HideSolutionNode = FALSE
	EndGlobalSection
	GlobalSection(ExtensibilityGlobals) = postSolution
		SolutionGuid = {D57ABCA0-8F9E-42BC-8430-96F9A69F57E1}
	EndGlobalSection
EndGlobal
